Microsoft Visual Studio Solution File, Format Version 12.00
# Visual Studio Version 16
VisualStudioVersion = 16.0.36631.11
MinimumVisualStudioVersion = 10.0.40219.1
Project("{FAE04EC0-301F-11D3-BF4B-00C04F79EFBC}") = "JustEnoughItems", "JustEnoughItems\JustEnoughItems.csproj", "{7E8C2F4A-1D6A-4A19-9A7F-1D24B77E0B7E}"
EndProject
Global
	GlobalSection(SolutionConfigurationPlatforms) = preSolution
		Debug|Any CPU = Debug|Any CPU
		Release|Any CPU = Release|Any CPU
	EndGlobalSection
	GlobalSection(ProjectConfigurationPlatforms) = postSolution
		{7E8C2F4A-1D6A-4A19-9A7F-1D24B77E0B7E}.Debug|Any CPU.ActiveCfg = Debug|Any CPU
		{7E8C2F4A-1D6A-4A19-9A7F-1D24B77E0B7E}.Debug|Any CPU.Build.0 = Debug|Any CPU
		{7E8C2F4A-1D6A-4A19-9A7F-1D24B77E0B7E}.Release|Any CPU.ActiveCfg = Release|Any CPU
		{7E8C2F4A-1D6A-4A19-9A7F-1D24B77E0B7E}.Release|Any CPU.Build.0 = Release|Any CPU
	EndGlobalSection
	GlobalSection(SolutionProperties) = preSolution
		HideSolutionNode = FALSE
	EndGlobalSection
	GlobalSection(ExtensibilityGlobals) = postSolution
		SolutionGuid = {6AA2A288-D80F-44DE-B2BA-30886D1CC11A}
	EndGlobalSection
EndGlobal
